{
    "_readme": [
        "This file locks the dependencies of your project to a known state",
        "Read more about it at https://getcomposer.org/doc/01-basic-usage.md#installing-dependencies",
        "This file is @generated automatically"
    ],
    "content-hash": "f108eb3115bb83589cc48bc9209e78a8",
    "packages": [
        {
            "name": "bramus/router",
            "version": "1.6.1",
            "source": {
                "type": "git",
                "url": "https://github.com/bramus/router.git",
                "reference": "55657b76da8a0a509250fb55b9dd24e1aa237eba"
            },
            "dist": {
                "type": "zip",
                "url": "https://api.github.com/repos/bramus/router/zipball/55657b76da8a0a509250fb55b9dd24e1aa237eba",
                "reference": "55657b76da8a0a509250fb55b9dd24e1aa237eba",
                "shasum": ""
            },
            "require": {
                "php": ">=5.3.0"
            },
            "require-dev": {
                "friendsofphp/php-cs-fixer": "~2.14",
                "phpunit/php-code-coverage": "~2.0",
                "phpunit/phpunit": "~4.8"
            },
            "type": "library",
            "autoload": {
                "psr-0": {
                    "Bramus": "src/"
                }
            },
            "notification-url": "https://packagist.org/downloads/",
            "license": [
                "MIT"
            ],
            "authors": [
                {
                    "name": "Bram(us) Van Damme",
                    "email": "bramus@bram.us",
                    "homepage": "http://www.bram.us"
                }
            ],
            "description": "A lightweight and simple object oriented PHP Router",
            "homepage": "https://github.com/bramus/router",
            "keywords": [
                "router",
                "routing"
            ],
            "support": {
                "issues": "https://github.com/bramus/router/issues",
                "source": "https://github.com/bramus/router/tree/1.6.1"
            },
            "time": "2021-11-18T19:24:07+00:00"
        },
        {
            "name": "brick/math",
            "version": "0.11.0",
            "source": {
                "type": "git",
                "url": "https://github.com/brick/math.git",
                "reference": "0ad82ce168c82ba30d1c01ec86116ab52f589478"
            },
            "dist": {
                "type": "zip",
                "url": "https://api.github.com/repos/brick/math/zipball/0ad82ce168c82ba30d1c01ec86116ab52f589478",
                "reference": "0ad82ce168c82ba30d1c01ec86116ab52f589478",
                "shasum": ""
            },
            "require": {
                "php": "^8.0"
            },
            "require-dev": {
                "php-coveralls/php-coveralls": "^2.2",
                "phpunit/phpunit": "^9.0",
                "vimeo/psalm": "5.0.0"
            },
            "type": "library",
            "autoload": {
                "psr-4": {
                    "Brick\\Math\\": "src/"
                }
            },
            "notification-url": "https://packagist.org/downloads/",
            "license": [
                "MIT"
            ],
            "description": "Arbitrary-precision arithmetic library",
            "keywords": [
                "Arbitrary-precision",
                "BigInteger",
                "BigRational",
                "arithmetic",
                "bigdecimal",
                "bignum",
                "brick",
                "math"
            ],
            "support": {
                "issues": "https://github.com/brick/math/issues",
                "source": "https://github.com/brick/math/tree/0.11.0"
            },
            "funding": [
                {
                    "url": "https://github.com/BenMorel",
                    "type": "github"
                }
            ],
            "time": "2023-01-15T23:15:59+00:00"
        },
        {
            "name": "nette/robot-loader",
            "version": "v4.0.1",
            "source": {
                "type": "git",
                "url": "https://github.com/nette/robot-loader.git",
                "reference": "3a947efaff55d48e8cdba5b338bf3a4b708a624a"
            },
            "dist": {
                "type": "zip",
                "url": "https://api.github.com/repos/nette/robot-loader/zipball/3a947efaff55d48e8cdba5b338bf3a4b708a624a",
                "reference": "3a947efaff55d48e8cdba5b338bf3a4b708a624a",
                "shasum": ""
            },
            "require": {
                "ext-tokenizer": "*",
                "nette/utils": "^4.0",
                "php": "8.0 - 8.3"
            },
            "require-dev": {
                "nette/tester": "^2.4",
                "phpstan/phpstan": "^1.0",
                "tracy/tracy": "^2.9"
            },
            "type": "library",
            "extra": {
                "branch-alias": {
                    "dev-master": "4.0-dev"
                }
            },
            "autoload": {
                "classmap": [
                    "src/"
                ]
            },
            "notification-url": "https://packagist.org/downloads/",
            "license": [
                "BSD-3-Clause",
                "GPL-2.0-only",
                "GPL-3.0-only"
            ],
            "authors": [
                {
                    "name": "David Grudl",
                    "homepage": "https://davidgrudl.com"
                },
                {
                    "name": "Nette Community",
                    "homepage": "https://nette.org/contributors"
                }
            ],
            "description": "🍀 Nette RobotLoader: high performance and comfortable autoloader that will search and autoload classes within your application.",
            "homepage": "https://nette.org",
            "keywords": [
                "autoload",
                "class",
                "interface",
                "nette",
                "trait"
            ],
            "support": {
                "issues": "https://github.com/nette/robot-loader/issues",
                "source": "https://github.com/nette/robot-loader/tree/v4.0.1"
            },
            "time": "2023-09-26T18:09:36+00:00"
        },
        {
            "name": "nette/utils",
            "version": "v4.0.2",
            "source": {
                "type": "git",
                "url": "https://github.com/nette/utils.git",
                "reference": "cead6637226456b35e1175cc53797dd585d85545"
            },
            "dist": {
                "type": "zip",
                "url": "https://api.github.com/repos/nette/utils/zipball/cead6637226456b35e1175cc53797dd585d85545",
                "reference": "cead6637226456b35e1175cc53797dd585d85545",
                "shasum": ""
            },
            "require": {
                "php": ">=8.0 <8.4"
            },
            "conflict": {
                "nette/finder": "<3",
                "nette/schema": "<1.2.2"
            },
            "require-dev": {
                "jetbrains/phpstorm-attributes": "dev-master",
                "nette/tester": "^2.5",
                "phpstan/phpstan": "^1.0",
                "tracy/tracy": "^2.9"
            },
            "suggest": {
                "ext-gd": "to use Image",
                "ext-iconv": "to use Strings::webalize(), toAscii(), chr() and reverse()",
                "ext-intl": "to use Strings::webalize(), toAscii(), normalize() and compare()",
                "ext-json": "to use Nette\\Utils\\Json",
                "ext-mbstring": "to use Strings::lower() etc...",
                "ext-tokenizer": "to use Nette\\Utils\\Reflection::getUseStatements()"
            },
            "type": "library",
            "extra": {
                "branch-alias": {
                    "dev-master": "4.0-dev"
                }
            },
            "autoload": {
                "classmap": [
                    "src/"
                ]
            },
            "notification-url": "https://packagist.org/downloads/",
            "license": [
                "BSD-3-Clause",
                "GPL-2.0-only",
                "GPL-3.0-only"
            ],
            "authors": [
                {
                    "name": "David Grudl",
                    "homepage": "https://davidgrudl.com"
                },
                {
                    "name": "Nette Community",
                    "homepage": "https://nette.org/contributors"
                }
            ],
            "description": "🛠  Nette Utils: lightweight utilities for string & array manipulation, image handling, safe JSON encoding/decoding, validation, slug or strong password generating etc.",
            "homepage": "https://nette.org",
            "keywords": [
                "array",
                "core",
                "datetime",
                "images",
                "json",
                "nette",
                "paginator",
                "password",
                "slugify",
                "string",
                "unicode",
                "utf-8",
                "utility",
                "validation"
            ],
            "support": {
                "issues": "https://github.com/nette/utils/issues",
                "source": "https://github.com/nette/utils/tree/v4.0.2"
            },
            "time": "2023-09-19T11:58:07+00:00"
        },
        {
            "name": "ramsey/collection",
            "version": "2.0.0",
            "source": {
                "type": "git",
                "url": "https://github.com/ramsey/collection.git",
                "reference": "a4b48764bfbb8f3a6a4d1aeb1a35bb5e9ecac4a5"
            },
            "dist": {
                "type": "zip",
                "url": "https://api.github.com/repos/ramsey/collection/zipball/a4b48764bfbb8f3a6a4d1aeb1a35bb5e9ecac4a5",
                "reference": "a4b48764bfbb8f3a6a4d1aeb1a35bb5e9ecac4a5",
                "shasum": ""
            },
            "require": {
                "php": "^8.1"
            },
            "require-dev": {
                "captainhook/plugin-composer": "^5.3",
                "ergebnis/composer-normalize": "^2.28.3",
                "fakerphp/faker": "^1.21",
                "hamcrest/hamcrest-php": "^2.0",
                "jangregor/phpstan-prophecy": "^1.0",
                "mockery/mockery": "^1.5",
                "php-parallel-lint/php-console-highlighter": "^1.0",
                "php-parallel-lint/php-parallel-lint": "^1.3",
                "phpcsstandards/phpcsutils": "^1.0.0-rc1",
                "phpspec/prophecy-phpunit": "^2.0",
                "phpstan/extension-installer": "^1.2",
                "phpstan/phpstan": "^1.9",
                "phpstan/phpstan-mockery": "^1.1",
                "phpstan/phpstan-phpunit": "^1.3",
                "phpunit/phpunit": "^9.5",
                "psalm/plugin-mockery": "^1.1",
                "psalm/plugin-phpunit": "^0.18.4",
                "ramsey/coding-standard": "^2.0.3",
                "ramsey/conventional-commits": "^1.3",
                "vimeo/psalm": "^5.4"
            },
            "type": "library",
            "extra": {
                "captainhook": {
                    "force-install": true
                },
                "ramsey/conventional-commits": {
                    "configFile": "conventional-commits.json"
                }
            },
            "autoload": {
                "psr-4": {
                    "Ramsey\\Collection\\": "src/"
                }
            },
            "notification-url": "https://packagist.org/downloads/",
            "license": [
                "MIT"
            ],
            "authors": [
                {
                    "name": "Ben Ramsey",
                    "email": "ben@benramsey.com",
                    "homepage": "https://benramsey.com"
                }
            ],
            "description": "A PHP library for representing and manipulating collections.",
            "keywords": [
                "array",
                "collection",
                "hash",
                "map",
                "queue",
                "set"
            ],
            "support": {
                "issues": "https://github.com/ramsey/collection/issues",
                "source": "https://github.com/ramsey/collection/tree/2.0.0"
            },
            "funding": [
                {
                    "url": "https://github.com/ramsey",
                    "type": "github"
                },
                {
                    "url": "https://tidelift.com/funding/github/packagist/ramsey/collection",
                    "type": "tidelift"
                }
            ],
            "time": "2022-12-31T21:50:55+00:00"
        },
        {
            "name": "ramsey/uuid",
            "version": "4.7.4",
            "source": {
                "type": "git",
                "url": "https://github.com/ramsey/uuid.git",
                "reference": "60a4c63ab724854332900504274f6150ff26d286"
            },
            "dist": {
                "type": "zip",
                "url": "https://api.github.com/repos/ramsey/uuid/zipball/60a4c63ab724854332900504274f6150ff26d286",
                "reference": "60a4c63ab724854332900504274f6150ff26d286",
                "shasum": ""
            },
            "require": {
                "brick/math": "^0.8.8 || ^0.9 || ^0.10 || ^0.11",
                "ext-json": "*",
                "php": "^8.0",
                "ramsey/collection": "^1.2 || ^2.0"
            },
            "replace": {
                "rhumsaa/uuid": "self.version"
            },
            "require-dev": {
                "captainhook/captainhook": "^5.10",
                "captainhook/plugin-composer": "^5.3",
                "dealerdirect/phpcodesniffer-composer-installer": "^0.7.0",
                "doctrine/annotations": "^1.8",
                "ergebnis/composer-normalize": "^2.15",
                "mockery/mockery": "^1.3",
                "paragonie/random-lib": "^2",
                "php-mock/php-mock": "^2.2",
                "php-mock/php-mock-mockery": "^1.3",
                "php-parallel-lint/php-parallel-lint": "^1.1",
                "phpbench/phpbench": "^1.0",
                "phpstan/extension-installer": "^1.1",
                "phpstan/phpstan": "^1.8",
                "phpstan/phpstan-mockery": "^1.1",
                "phpstan/phpstan-phpunit": "^1.1",
                "phpunit/phpunit": "^8.5 || ^9",
                "ramsey/composer-repl": "^1.4",
                "slevomat/coding-standard": "^8.4",
                "squizlabs/php_codesniffer": "^3.5",
                "vimeo/psalm": "^4.9"
            },
            "suggest": {
                "ext-bcmath": "Enables faster math with arbitrary-precision integers using BCMath.",
                "ext-gmp": "Enables faster math with arbitrary-precision integers using GMP.",
                "ext-uuid": "Enables the use of PeclUuidTimeGenerator and PeclUuidRandomGenerator.",
                "paragonie/random-lib": "Provides RandomLib for use with the RandomLibAdapter",
                "ramsey/uuid-doctrine": "Allows the use of Ramsey\\Uuid\\Uuid as Doctrine field type."
            },
            "type": "library",
            "extra": {
                "captainhook": {
                    "force-install": true
                }
            },
            "autoload": {
                "files": [
                    "src/functions.php"
                ],
                "psr-4": {
                    "Ramsey\\Uuid\\": "src/"
                }
            },
            "notification-url": "https://packagist.org/downloads/",
            "license": [
                "MIT"
            ],
            "description": "A PHP library for generating and working with universally unique identifiers (UUIDs).",
            "keywords": [
                "guid",
                "identifier",
                "uuid"
            ],
            "support": {
                "issues": "https://github.com/ramsey/uuid/issues",
                "source": "https://github.com/ramsey/uuid/tree/4.7.4"
            },
            "funding": [
                {
                    "url": "https://github.com/ramsey",
                    "type": "github"
                },
                {
                    "url": "https://tidelift.com/funding/github/packagist/ramsey/uuid",
                    "type": "tidelift"
                }
            ],
            "time": "2023-04-15T23:01:58+00:00"
        },
        {
            "name": "symfony/polyfill-uuid",
            "version": "v1.28.0",
            "source": {
                "type": "git",
                "url": "https://github.com/symfony/polyfill-uuid.git",
                "reference": "9c44518a5aff8da565c8a55dbe85d2769e6f630e"
            },
            "dist": {
                "type": "zip",
                "url": "https://api.github.com/repos/symfony/polyfill-uuid/zipball/9c44518a5aff8da565c8a55dbe85d2769e6f630e",
                "reference": "9c44518a5aff8da565c8a55dbe85d2769e6f630e",
                "shasum": ""
            },
            "require": {
                "php": ">=7.1"
            },
            "provide": {
                "ext-uuid": "*"
            },
            "suggest": {
                "ext-uuid": "For best performance"
            },
            "type": "library",
            "extra": {
                "branch-alias": {
                    "dev-main": "1.28-dev"
                },
                "thanks": {
                    "name": "symfony/polyfill",
                    "url": "https://github.com/symfony/polyfill"
                }
            },
            "autoload": {
                "files": [
                    "bootstrap.php"
                ],
                "psr-4": {
                    "Symfony\\Polyfill\\Uuid\\": ""
                }
            },
            "notification-url": "https://packagist.org/downloads/",
            "license": [
                "MIT"
            ],
            "authors": [
                {
                    "name": "Grégoire Pineau",
                    "email": "lyrixx@lyrixx.info"
                },
                {
                    "name": "Symfony Community",
                    "homepage": "https://symfony.com/contributors"
                }
            ],
            "description": "Symfony polyfill for uuid functions",
            "homepage": "https://symfony.com",
            "keywords": [
                "compatibility",
                "polyfill",
                "portable",
                "uuid"
            ],
            "support": {
                "source": "https://github.com/symfony/polyfill-uuid/tree/v1.28.0"
            },
            "funding": [
                {
                    "url": "https://symfony.com/sponsor",
                    "type": "custom"
                },
                {
                    "url": "https://github.com/fabpot",
                    "type": "github"
                },
                {
                    "url": "https://tidelift.com/funding/github/packagist/symfony/symfony",
                    "type": "tidelift"
                }
            ],
            "time": "2023-01-26T09:26:14+00:00"
        },
        {
            "name": "symfony/uid",
            "version": "v6.3.0",
            "source": {
                "type": "git",
                "url": "https://github.com/symfony/uid.git",
                "reference": "01b0f20b1351d997711c56f1638f7a8c3061e384"
            },
            "dist": {
                "type": "zip",
                "url": "https://api.github.com/repos/symfony/uid/zipball/01b0f20b1351d997711c56f1638f7a8c3061e384",
                "reference": "01b0f20b1351d997711c56f1638f7a8c3061e384",
                "shasum": ""
            },
            "require": {
                "php": ">=8.1",
                "symfony/polyfill-uuid": "^1.15"
            },
            "require-dev": {
                "symfony/console": "^5.4|^6.0"
            },
            "type": "library",
            "autoload": {
                "psr-4": {
                    "Symfony\\Component\\Uid\\": ""
                },
                "exclude-from-classmap": [
                    "/Tests/"
                ]
            },
            "notification-url": "https://packagist.org/downloads/",
            "license": [
                "MIT"
            ],
            "authors": [
                {
                    "name": "Grégoire Pineau",
                    "email": "lyrixx@lyrixx.info"
                },
                {
                    "name": "Nicolas Grekas",
                    "email": "p@tchwork.com"
                },
                {
                    "name": "Symfony Community",
                    "homepage": "https://symfony.com/contributors"
                }
            ],
            "description": "Provides an object-oriented API to generate and represent UIDs",
            "homepage": "https://symfony.com",
            "keywords": [
                "UID",
                "ulid",
                "uuid"
            ],
            "support": {
                "source": "https://github.com/symfony/uid/tree/v6.3.0"
            },
            "funding": [
                {
                    "url": "https://symfony.com/sponsor",
                    "type": "custom"
                },
                {
                    "url": "https://github.com/fabpot",
                    "type": "github"
                },
                {
                    "url": "https://tidelift.com/funding/github/packagist/symfony/symfony",
                    "type": "tidelift"
                }
            ],
            "time": "2023-04-08T07:25:02+00:00"
        }
    ],
    "packages-dev": [],
    "aliases": [],
    "minimum-stability": "stable",
    "stability-flags": [],
    "prefer-stable": false,
    "prefer-lowest": false,
    "platform": [],
    "platform-dev": [],
    "plugin-api-version": "2.3.0"
}
